
Microsoft Visual Studio Solution File, Format Version 12.00
# Visual Studio Version 17
VisualStudioVersion = 17.7.34018.315
MinimumVisualStudioVersion = 10.0.40219.1
Project("{FAE04EC0-301F-11D3-BF4B-00C04F79EFBC}") = "HudVariables", "HudVariables\HudVariables.csproj", "{53DD38FF-498A-4665-BE3E-EEB61F576E73}"
EndProject
Global
	GlobalSection(SolutionConfigurationPlatforms) = preSolution
		Debug|Any CPU = Debug|Any CPU
		Release|Any CPU = Release|Any CPU
	EndGlobalSection
	GlobalSection(ProjectConfigurationPlatforms) = postSolution
		{53DD38FF-498A-4665-BE3E-EEB61F576E73}.Debug|Any CPU.ActiveCfg = Debug|Any CPU
		{53DD38FF-498A-4665-BE3E-EEB61F576E73}.Debug|Any CPU.Build.0 = Debug|Any CPU
		{53DD38FF-498A-4665-BE3E-EEB61F576E73}.Release|Any CPU.ActiveCfg = Release|Any CPU
		{53DD38FF-498A-4665-BE3E-EEB61F576E73}.Release|Any CPU.Build.0 = Release|Any CPU
	EndGlobalSection
	GlobalSection(SolutionProperties) = preSolution
		HideSolutionNode = FALSE
	EndGlobalSection
	GlobalSection(ExtensibilityGlobals) = postSolution
		SolutionGuid = {7726AC1F-50F9-4ED3-9CDD-930348FA4F95}
	EndGlobalSection
EndGlobal
